
Microsoft Visual Studio Solution File, Format Version 12.00
# Visual Studio Version 17
VisualStudioVersion = 17.10.34916.146
MinimumVisualStudioVersion = 10.0.40219.1
Project("{9A19103F-16F7-4668-BE54-9A1E7A4F7556}") = "ChipLogic", "ChipLogic.csproj", "{E8414358-3BB8-4698-9B6F-D3083490A1F0}"
EndProject
Project("{FAE04EC0-301F-11D3-BF4B-00C04F79EFBC}") = "Support", "..\Support\Support.csproj", "{71A04FD2-283C-4041-B719-7E97A0603EBC}"
EndProject
Global
	GlobalSection(SolutionConfigurationPlatforms) = preSolution
		Debug|Any CPU = Debug|Any CPU
		Release|Any CPU = Release|Any CPU
	EndGlobalSection
	GlobalSection(ProjectConfigurationPlatforms) = postSolution
		{E8414358-3BB8-4698-9B6F-D3083490A1F0}.Debug|Any CPU.ActiveCfg = Debug|Any CPU
		{E8414358-3BB8-4698-9B6F-D3083490A1F0}.Debug|Any CPU.Build.0 = Debug|Any CPU
		{E8414358-3BB8-4698-9B6F-D3083490A1F0}.Release|Any CPU.ActiveCfg = Release|Any CPU
		{E8414358-3BB8-4698-9B6F-D3083490A1F0}.Release|Any CPU.Build.0 = Release|Any CPU
		{71A04FD2-283C-4041-B719-7E97A0603EBC}.Debug|Any CPU.ActiveCfg = Debug|Any CPU
		{71A04FD2-283C-4041-B719-7E97A0603EBC}.Debug|Any CPU.Build.0 = Debug|Any CPU
		{71A04FD2-283C-4041-B719-7E97A0603EBC}.Release|Any CPU.ActiveCfg = Release|Any CPU
		{71A04FD2-283C-4041-B719-7E97A0603EBC}.Release|Any CPU.Build.0 = Release|Any CPU
	EndGlobalSection
	GlobalSection(SolutionProperties) = preSolution
		HideSolutionNode = FALSE
	EndGlobalSection
	GlobalSection(ExtensibilityGlobals) = postSolution
		SolutionGuid = {3B6323E2-A63C-4D5A-97FE-331895E4274B}
	EndGlobalSection
EndGlobal
